
Microsoft Visual Studio Solution File, Format Version 12.00
# Visual Studio Version 16
VisualStudioVersion = 16.0.29905.134
MinimumVisualStudioVersion = 10.0.40219.1
Project("{FAE04EC0-301F-11D3-BF4B-00C04F79EFBC}") = "Lab6_Interfaces", "Lab6_Interfaces\Lab6_Interfaces.csproj", "{EE54534D-F3C2-4B42-9C98-F4DBC4F64D38}"
EndProject
Global
	GlobalSection(SolutionConfigurationPlatforms) = preSolution
		Debug|Any CPU = Debug|Any CPU
		Release|Any CPU = Release|Any CPU
	EndGlobalSection
	GlobalSection(ProjectConfigurationPlatforms) = postSolution
		{EE54534D-F3C2-4B42-9C98-F4DBC4F64D38}.Debug|Any CPU.ActiveCfg = Debug|Any CPU
		{EE54534D-F3C2-4B42-9C98-F4DBC4F64D38}.Debug|Any CPU.Build.0 = Debug|Any CPU
		{EE54534D-F3C2-4B42-9C98-F4DBC4F64D38}.Release|Any CPU.ActiveCfg = Release|Any CPU
		{EE54534D-F3C2-4B42-9C98-F4DBC4F64D38}.Release|Any CPU.Build.0 = Release|Any CPU
	EndGlobalSection
	GlobalSection(SolutionProperties) = preSolution
		HideSolutionNode = FALSE
	EndGlobalSection
	GlobalSection(ExtensibilityGlobals) = postSolution
		SolutionGuid = {589F834F-9EDC-43DC-BE20-DB2B4D2467F7}
	EndGlobalSection
EndGlobal
